{
  "name": "@sciactive/tokenizer",
  "version": "1.0.0",
  "lockfileVersion": 3,
  "requires": true,
  "packages": {
    "": {
      "name": "@sciactive/tokenizer",
      "version": "1.0.0",
      "license": "Apache-2.0",
      "dependencies": {
        "@sciactive/splitn": "^3.1.0",
        "crc-32": "^1.2.2",
        "jslingua": "^0.13.0"
      }
    },
    "node_modules/@sciactive/splitn": {
      "version": "3.1.0",
      "resolved": "https://registry.npmjs.org/@sciactive/splitn/-/splitn-3.1.0.tgz",
      "integrity": "sha512-Ajx+CEk55Yhum42I69KLWaIMiSANLSyVcHzZv6T+nA6SwT+z4dZsfBDdX7vMPBHItEmSuXJtd7YYY8OBCxrG4w==",
      "license": "Apache-2.0"
    },
    "node_modules/crc-32": {
      "version": "1.2.2",
      "resolved": "https://registry.npmjs.org/crc-32/-/crc-32-1.2.2.tgz",
      "integrity": "sha512-ROmzCKrTnOwybPcJApAA6WBWij23HVfGVNKqqrZpuyZOHqK2CwHSvpGuyt/UNNvaIjEd8X5IFGp4Mh+Ie1IHJQ==",
      "license": "Apache-2.0",
      "bin": {
        "crc32": "bin/crc32.njs"
      },
      "engines": {
        "node": ">=0.8"
      }
    },
    "node_modules/jslingua": {
      "version": "0.13.0",
      "resolved": "https://registry.npmjs.org/jslingua/-/jslingua-0.13.0.tgz",
      "integrity": "sha512-85aEYgFoiyA4LeysFjLWVVz5LNVCSjPuw93T7fo6qoed46EuFZaxL2mWdEQI3JoQW/pCdVr8l2iJjYIm4G0GXw==",
      "license": "Apache-2.0"
    }
  }
}
